
Microsoft Visual Studio Solution File, Format Version 12.00
# Visual Studio Version 16
VisualStudioVersion = 16.0.30406.217
MinimumVisualStudioVersion = 10.0.40219.1
Project("{9A19103F-16F7-4668-BE54-9A1E7A4F7556}") = "WebApplication1", "WebApplication1\WebApplication1.csproj", "{51405C55-E3FF-423E-ADEC-4123F61E149E}"
EndProject
Project("{FAE04EC0-301F-11D3-BF4B-00C04F79EFBC}") = "UnitTestProject1", "UnitTestProject1\UnitTestProject1.csproj", "{CF91F90D-56AD-4660-B386-3BA77873F755}"
EndProject
Project("{FAE04EC0-301F-11D3-BF4B-00C04F79EFBC}") = "Logic", "Logic\Logic.csproj", "{B250B951-B639-4949-B845-35B6AED64BA4}"
EndProject
Project("{FAE04EC0-301F-11D3-BF4B-00C04F79EFBC}") = "Logic.Interface", "Logic.Interface\Logic.Interface.csproj", "{05685DE3-88FA-4135-87B6-4666E10FB2A2}"
EndProject
Project("{FAE04EC0-301F-11D3-BF4B-00C04F79EFBC}") = "Domain", "Domain\Domain.csproj", "{6C0B8970-06CB-49BE-953F-F8FA6D00C6ED}"
EndProject
Global
	GlobalSection(SolutionConfigurationPlatforms) = preSolution
		Debug|Any CPU = Debug|Any CPU
		Release|Any CPU = Release|Any CPU
	EndGlobalSection
	GlobalSection(ProjectConfigurationPlatforms) = postSolution
		{51405C55-E3FF-423E-ADEC-4123F61E149E}.Debug|Any CPU.ActiveCfg = Debug|Any CPU
		{51405C55-E3FF-423E-ADEC-4123F61E149E}.Debug|Any CPU.Build.0 = Debug|Any CPU
		{51405C55-E3FF-423E-ADEC-4123F61E149E}.Release|Any CPU.ActiveCfg = Release|Any CPU
		{51405C55-E3FF-423E-ADEC-4123F61E149E}.Release|Any CPU.Build.0 = Release|Any CPU
		{CF91F90D-56AD-4660-B386-3BA77873F755}.Debug|Any CPU.ActiveCfg = Debug|Any CPU
		{CF91F90D-56AD-4660-B386-3BA77873F755}.Debug|Any CPU.Build.0 = Debug|Any CPU
		{CF91F90D-56AD-4660-B386-3BA77873F755}.Release|Any CPU.ActiveCfg = Release|Any CPU
		{CF91F90D-56AD-4660-B386-3BA77873F755}.Release|Any CPU.Build.0 = Release|Any CPU
		{B250B951-B639-4949-B845-35B6AED64BA4}.Debug|Any CPU.ActiveCfg = Debug|Any CPU
		{B250B951-B639-4949-B845-35B6AED64BA4}.Debug|Any CPU.Build.0 = Debug|Any CPU
		{B250B951-B639-4949-B845-35B6AED64BA4}.Release|Any CPU.ActiveCfg = Release|Any CPU
		{B250B951-B639-4949-B845-35B6AED64BA4}.Release|Any CPU.Build.0 = Release|Any CPU
		{05685DE3-88FA-4135-87B6-4666E10FB2A2}.Debug|Any CPU.ActiveCfg = Debug|Any CPU
		{05685DE3-88FA-4135-87B6-4666E10FB2A2}.Debug|Any CPU.Build.0 = Debug|Any CPU
		{05685DE3-88FA-4135-87B6-4666E10FB2A2}.Release|Any CPU.ActiveCfg = Release|Any CPU
		{05685DE3-88FA-4135-87B6-4666E10FB2A2}.Release|Any CPU.Build.0 = Release|Any CPU
		{6C0B8970-06CB-49BE-953F-F8FA6D00C6ED}.Debug|Any CPU.ActiveCfg = Debug|Any CPU
		{6C0B8970-06CB-49BE-953F-F8FA6D00C6ED}.Debug|Any CPU.Build.0 = Debug|Any CPU
		{6C0B8970-06CB-49BE-953F-F8FA6D00C6ED}.Release|Any CPU.ActiveCfg = Release|Any CPU
		{6C0B8970-06CB-49BE-953F-F8FA6D00C6ED}.Release|Any CPU.Build.0 = Release|Any CPU
	EndGlobalSection
	GlobalSection(SolutionProperties) = preSolution
		HideSolutionNode = FALSE
	EndGlobalSection
	GlobalSection(ExtensibilityGlobals) = postSolution
		SolutionGuid = {33DDFF5D-824E-46D7-9862-50BFEFCE9659}
	EndGlobalSection
EndGlobal
