
Microsoft Visual Studio Solution File, Format Version 12.00
# Visual Studio Version 16
VisualStudioVersion = 16.0.30406.217
MinimumVisualStudioVersion = 15.0.26124.0
Project("{9A19103F-16F7-4668-BE54-9A1E7A4F7556}") = "ej-filters.auth", "ej-filters.auth\ej-filters.auth.csproj", "{289C11C8-3AE1-47F2-8802-E1E1C991B243}"
EndProject
Project("{9A19103F-16F7-4668-BE54-9A1E7A4F7556}") = "ej-filters.api", "ej-filters.api\ej-filters.api.csproj", "{D98FF29C-B087-47DA-8DCD-547374E7D053}"
EndProject
Global
	GlobalSection(SolutionConfigurationPlatforms) = preSolution
		Debug|Any CPU = Debug|Any CPU
		Debug|x64 = Debug|x64
		Debug|x86 = Debug|x86
		Release|Any CPU = Release|Any CPU
		Release|x64 = Release|x64
		Release|x86 = Release|x86
	EndGlobalSection
	GlobalSection(ProjectConfigurationPlatforms) = postSolution
		{289C11C8-3AE1-47F2-8802-E1E1C991B243}.Debug|Any CPU.ActiveCfg = Debug|Any CPU
		{289C11C8-3AE1-47F2-8802-E1E1C991B243}.Debug|Any CPU.Build.0 = Debug|Any CPU
		{289C11C8-3AE1-47F2-8802-E1E1C991B243}.Debug|x64.ActiveCfg = Debug|Any CPU
		{289C11C8-3AE1-47F2-8802-E1E1C991B243}.Debug|x64.Build.0 = Debug|Any CPU
		{289C11C8-3AE1-47F2-8802-E1E1C991B243}.Debug|x86.ActiveCfg = Debug|Any CPU
		{289C11C8-3AE1-47F2-8802-E1E1C991B243}.Debug|x86.Build.0 = Debug|Any CPU
		{289C11C8-3AE1-47F2-8802-E1E1C991B243}.Release|Any CPU.ActiveCfg = Release|Any CPU
		{289C11C8-3AE1-47F2-8802-E1E1C991B243}.Release|Any CPU.Build.0 = Release|Any CPU
		{289C11C8-3AE1-47F2-8802-E1E1C991B243}.Release|x64.ActiveCfg = Release|Any CPU
		{289C11C8-3AE1-47F2-8802-E1E1C991B243}.Release|x64.Build.0 = Release|Any CPU
		{289C11C8-3AE1-47F2-8802-E1E1C991B243}.Release|x86.ActiveCfg = Release|Any CPU
		{289C11C8-3AE1-47F2-8802-E1E1C991B243}.Release|x86.Build.0 = Release|Any CPU
		{D98FF29C-B087-47DA-8DCD-547374E7D053}.Debug|Any CPU.ActiveCfg = Debug|Any CPU
		{D98FF29C-B087-47DA-8DCD-547374E7D053}.Debug|Any CPU.Build.0 = Debug|Any CPU
		{D98FF29C-B087-47DA-8DCD-547374E7D053}.Debug|x64.ActiveCfg = Debug|Any CPU
		{D98FF29C-B087-47DA-8DCD-547374E7D053}.Debug|x64.Build.0 = Debug|Any CPU
		{D98FF29C-B087-47DA-8DCD-547374E7D053}.Debug|x86.ActiveCfg = Debug|Any CPU
		{D98FF29C-B087-47DA-8DCD-547374E7D053}.Debug|x86.Build.0 = Debug|Any CPU
		{D98FF29C-B087-47DA-8DCD-547374E7D053}.Release|Any CPU.ActiveCfg = Release|Any CPU
		{D98FF29C-B087-47DA-8DCD-547374E7D053}.Release|Any CPU.Build.0 = Release|Any CPU
		{D98FF29C-B087-47DA-8DCD-547374E7D053}.Release|x64.ActiveCfg = Release|Any CPU
		{D98FF29C-B087-47DA-8DCD-547374E7D053}.Release|x64.Build.0 = Release|Any CPU
		{D98FF29C-B087-47DA-8DCD-547374E7D053}.Release|x86.ActiveCfg = Release|Any CPU
		{D98FF29C-B087-47DA-8DCD-547374E7D053}.Release|x86.Build.0 = Release|Any CPU
	EndGlobalSection
	GlobalSection(SolutionProperties) = preSolution
		HideSolutionNode = FALSE
	EndGlobalSection
	GlobalSection(ExtensibilityGlobals) = postSolution
		SolutionGuid = {9188BABC-F7DE-42A6-8D7C-E6514533ADBB}
	EndGlobalSection
EndGlobal
